<?xml version="1.0" encoding="utf-8"?>
<Project ToolsVersion="4.0" xmlns="http://schemas.microsoft.com/developer/msbuild/2003">
  <ItemGroup>
    <Filter Include="Source Files">
      <UniqueIdentifier>{4FC737F1-C7A5-4376-A066-2A32D752A2FF}</UniqueIdentifier>
      <Extensions>cpp;c;cc;cxx;def;odl;idl;hpj;bat;asm;asmx</Extensions>
    </Filter>
    <Filter Include="Header Files">
      <UniqueIdentifier>{93995380-89BD-4b04-88EB-625FBE52EBFB}</UniqueIdentifier>
      <Extensions>h;hpp;hxx;hm;inl;inc;xsd</Extensions>
    </Filter>
    <Filter Include="Resource Files">
      <UniqueIdentifier>{67DA6AB6-F800-4c08-8B7A-83BB121AAD01}</UniqueIdentifier>
      <Extensions>rc;ico;cur;bmp;dlg;rc2;rct;bin;rgs;gif;jpg;jpeg;jpe;resx;tiff;tif;png;wav</Extensions>
    </Filter>
    <Filter Include="blocks">
      <UniqueIdentifier>{cc3edb64-284a-4db9-a77f-dd48a00c8078}</UniqueIdentifier>
    </Filter>
    <Filter Include="blocks\Cinder-KinectSdk">
      <UniqueIdentifier>{33a40357-ac83-4061-af8c-c24bb6bd7f47}</UniqueIdentifier>
    </Filter>
    <Filter Include="Source Files\Bacteria">
      <UniqueIdentifier>{88be318c-e8b9-4d20-bda7-c1813ed88881}</UniqueIdentifier>
    </Filter>
    <Filter Include="Source Files\Stage">
      <UniqueIdentifier>{8b7a1261-466a-4876-8716-d7fab9dfb8dd}</UniqueIdentifier>
    </Filter>
    <Filter Include="Source Files\Player">
      <UniqueIdentifier>{2eded4ea-5459-4e2f-93f7-62a03c32c636}</UniqueIdentifier>
    </Filter>
    <Filter Include="Source Files\Ground">
      <UniqueIdentifier>{b28c328a-0ace-4375-b21d-1f75d8bc7511}</UniqueIdentifier>

    <Filter Include="Source Files\Bubble">
      <UniqueIdentifier>{07781e78-842b-45fc-95e9-7bad44fc3ea7}</UniqueIdentifier>

    <Filter Include="Source Files\Bubble">
      <UniqueIdentifier>{07781e78-842b-45fc-95e9-7bad44fc3ea7}</UniqueIdentifier>
    </Filter>
  </ItemGroup>
  <ItemGroup>
    <ClCompile Include="..\src\CinderWithKinect01App.cpp">
      <Filter>Source Files</Filter>
    </ClCompile>
    <ClCompile Include="..\src\CinderWithKinect01App.cpp">
      <Filter>Source Files</Filter>
    </ClCompile>
    <ClCompile Include="..\src\Kinect.cpp">
      <Filter>blocks\Cinder-KinectSdk</Filter>
    </ClCompile>
    <ClCompile Include="..\src\Bacteria.cpp">
      <Filter>Source Files\Bacteria</Filter>
    </ClCompile>
    <ClCompile Include="..\src\Stage.cpp">
      <Filter>Source Files\Stage</Filter>
    </ClCompile>
    <ClCompile Include="..\src\Player.cpp">
      <Filter>Source Files\Player</Filter>
    </ClCompile>
    <ClCompile Include="..\src\Ground.cpp">
      <Filter>Source Files\Ground</Filter>
    <ClCompile Include="..\src\Bubble.cpp">
      <Filter>Source Files\Bubble</Filter>
    </ClCompile>
  </ItemGroup>
  <ItemGroup>
    <ClInclude Include="..\include\Resources.h">
      <Filter>Header Files</Filter>
    </ClInclude>
    <ClInclude Include="..\..\cinder_0.8.6_vc2013\blocks\Cinder-MsKinect-master\src\FaceTrackLib.h">
      <Filter>blocks\Cinder-KinectSdk</Filter>
    </ClInclude>
    <ClInclude Include="..\include\Resources.h">
      <Filter>Header Files</Filter>
    </ClInclude>
    <ClInclude Include="..\..\cinder_0.8.6_vc2013\include\cinder\CinderResources.h">
      <Filter>Header Files</Filter>
    </ClInclude>
    <ClInclude Include="..\include\Bacteria.h">
      <Filter>Source Files\Bacteria</Filter>
    </ClInclude>
    <ClInclude Include="..\include\Stage.h">
      <Filter>Source Files\Stage</Filter>
    </ClInclude>
    <ClInclude Include="..\include\Player.h">
      <Filter>Source Files\Player</Filter>
    </ClInclude>
    <ClInclude Include="..\..\cinder_0.8.6_vc2013\blocks\Cinder-MsKinect-master\src\Kinect.h">
      <Filter>blocks\Cinder-KinectSdk</Filter>
    </ClInclude>
    <ClInclude Include="..\include\Ground.h">
      <Filter>Source Files\Ground</Filter>
    <ClInclude Include="..\include\Bubble.h">
      <Filter>Source Files\Bubble</Filter>
    </ClInclude>
  </ItemGroup>
  <ItemGroup>
    <ResourceCompile Include="Resources.rc">
      <Filter>Resource Files</Filter>
    </ResourceCompile>
  </ItemGroup>
</Project>